
Microsoft Visual Studio Solution File, Format Version 12.00
# Visual Studio 2013
VisualStudioVersion = 12.0.21005.1
MinimumVisualStudioVersion = 10.0.40219.1
Project("{FAE04EC0-301F-11D3-BF4B-00C04F79EFBC}") = "UserApp", "nishtyachki\UserApp.csproj", "{80A2E6D5-3D62-4444-BB7C-9BEE0CACA2A3}"
	ProjectSection(ProjectDependencies) = postProject
		{ACAC5F00-2422-4D07-8FBD-FD9D47797816} = {ACAC5F00-2422-4D07-8FBD-FD9D47797816}
	EndProjectSection
EndProject
Project("{FAE04EC0-301F-11D3-BF4B-00C04F79EFBC}") = "AdminApp", "Identity_test2\AdminApp.csproj", "{ACAC5F00-2422-4D07-8FBD-FD9D47797816}"
EndProject
Project("{FAE04EC0-301F-11D3-BF4B-00C04F79EFBC}") = "WinServiceHostUsersQueue", "WinServiceHostUsersQueue\WinServiceHostUsersQueue.csproj", "{DE66D000-DAF4-4DB4-B7CB-4A5668990957}"
EndProject
Project("{FAE04EC0-301F-11D3-BF4B-00C04F79EFBC}") = "UsersQueue", "UsersQueue\UsersQueue.csproj", "{6391C612-52A3-41F4-B2D2-5B7EA171D444}"
EndProject
Project("{FAE04EC0-301F-11D3-BF4B-00C04F79EFBC}") = "MvvmUserApp", "MvvmUserApp\MvvmUserApp.csproj", "{C962FA45-FC65-4115-9706-0E6D6F592262}"
EndProject
Global
	GlobalSection(SolutionConfigurationPlatforms) = preSolution
		Debug|Any CPU = Debug|Any CPU
		Release|Any CPU = Release|Any CPU
	EndGlobalSection
	GlobalSection(ProjectConfigurationPlatforms) = postSolution
		{80A2E6D5-3D62-4444-BB7C-9BEE0CACA2A3}.Debug|Any CPU.ActiveCfg = Debug|Any CPU
		{80A2E6D5-3D62-4444-BB7C-9BEE0CACA2A3}.Debug|Any CPU.Build.0 = Debug|Any CPU
		{80A2E6D5-3D62-4444-BB7C-9BEE0CACA2A3}.Release|Any CPU.ActiveCfg = Release|Any CPU
		{80A2E6D5-3D62-4444-BB7C-9BEE0CACA2A3}.Release|Any CPU.Build.0 = Release|Any CPU
		{ACAC5F00-2422-4D07-8FBD-FD9D47797816}.Debug|Any CPU.ActiveCfg = Debug|Any CPU
		{ACAC5F00-2422-4D07-8FBD-FD9D47797816}.Debug|Any CPU.Build.0 = Debug|Any CPU
		{ACAC5F00-2422-4D07-8FBD-FD9D47797816}.Release|Any CPU.ActiveCfg = Release|Any CPU
		{ACAC5F00-2422-4D07-8FBD-FD9D47797816}.Release|Any CPU.Build.0 = Release|Any CPU
		{DE66D000-DAF4-4DB4-B7CB-4A5668990957}.Debug|Any CPU.ActiveCfg = Debug|Any CPU
		{DE66D000-DAF4-4DB4-B7CB-4A5668990957}.Debug|Any CPU.Build.0 = Debug|Any CPU
		{DE66D000-DAF4-4DB4-B7CB-4A5668990957}.Release|Any CPU.ActiveCfg = Release|Any CPU
		{DE66D000-DAF4-4DB4-B7CB-4A5668990957}.Release|Any CPU.Build.0 = Release|Any CPU
		{6391C612-52A3-41F4-B2D2-5B7EA171D444}.Debug|Any CPU.ActiveCfg = Debug|Any CPU
		{6391C612-52A3-41F4-B2D2-5B7EA171D444}.Debug|Any CPU.Build.0 = Debug|Any CPU
		{6391C612-52A3-41F4-B2D2-5B7EA171D444}.Release|Any CPU.ActiveCfg = Release|Any CPU
		{6391C612-52A3-41F4-B2D2-5B7EA171D444}.Release|Any CPU.Build.0 = Release|Any CPU
		{C962FA45-FC65-4115-9706-0E6D6F592262}.Debug|Any CPU.ActiveCfg = Debug|Any CPU
		{C962FA45-FC65-4115-9706-0E6D6F592262}.Debug|Any CPU.Build.0 = Debug|Any CPU
		{C962FA45-FC65-4115-9706-0E6D6F592262}.Release|Any CPU.ActiveCfg = Release|Any CPU
		{C962FA45-FC65-4115-9706-0E6D6F592262}.Release|Any CPU.Build.0 = Release|Any CPU
	EndGlobalSection
	GlobalSection(SolutionProperties) = preSolution
		HideSolutionNode = FALSE
	EndGlobalSection
EndGlobal
